
Microsoft Visual Studio Solution File, Format Version 12.00
# Visual Studio 15
VisualStudioVersion = 15.0.27703.2000
MinimumVisualStudioVersion = 10.0.40219.1
Project("{FAE04EC0-301F-11D3-BF4B-00C04F79EFBC}") = "App01_ConsultarCEP.Android", "App01_ConsultarCEP\App01_ConsultarCEP.Android\App01_ConsultarCEP.Android.csproj", "{BF324FE1-D854-439D-8E82-947059AF6234}"
EndProject
Project("{FAE04EC0-301F-11D3-BF4B-00C04F79EFBC}") = "App01_ConsultarCEP.iOS", "App01_ConsultarCEP\App01_ConsultarCEP.iOS\App01_ConsultarCEP.iOS.csproj", "{4AFF4033-0C47-4F74-99A9-246F5BF86C59}"
EndProject
Project("{FAE04EC0-301F-11D3-BF4B-00C04F79EFBC}") = "App01_ConsultarCEP", "App01_ConsultarCEP\App01_ConsultarCEP\App01_ConsultarCEP.csproj", "{8C94433A-6017-4CEC-A50D-1A15634A0D15}"
EndProject
Global
	GlobalSection(SolutionConfigurationPlatforms) = preSolution
		Ad-Hoc|Any CPU = Ad-Hoc|Any CPU
		Ad-Hoc|iPhone = Ad-Hoc|iPhone
		Ad-Hoc|iPhoneSimulator = Ad-Hoc|iPhoneSimulator
		AppStore|Any CPU = AppStore|Any CPU
		AppStore|iPhone = AppStore|iPhone
		AppStore|iPhoneSimulator = AppStore|iPhoneSimulator
		Debug|Any CPU = Debug|Any CPU
		Debug|iPhone = Debug|iPhone
		Debug|iPhoneSimulator = Debug|iPhoneSimulator
		Release|Any CPU = Release|Any CPU
		Release|iPhone = Release|iPhone
		Release|iPhoneSimulator = Release|iPhoneSimulator
	EndGlobalSection
	GlobalSection(ProjectConfigurationPlatforms) = postSolution
		{BF324FE1-D854-439D-8E82-947059AF6234}.Ad-Hoc|Any CPU.ActiveCfg = Release|Any CPU
		{BF324FE1-D854-439D-8E82-947059AF6234}.Ad-Hoc|Any CPU.Build.0 = Release|Any CPU
		{BF324FE1-D854-439D-8E82-947059AF6234}.Ad-Hoc|Any CPU.Deploy.0 = Release|Any CPU
		{BF324FE1-D854-439D-8E82-947059AF6234}.Ad-Hoc|iPhone.ActiveCfg = Release|Any CPU
		{BF324FE1-D854-439D-8E82-947059AF6234}.Ad-Hoc|iPhone.Build.0 = Release|Any CPU
		{BF324FE1-D854-439D-8E82-947059AF6234}.Ad-Hoc|iPhone.Deploy.0 = Release|Any CPU
		{BF324FE1-D854-439D-8E82-947059AF6234}.Ad-Hoc|iPhoneSimulator.ActiveCfg = Release|Any CPU
		{BF324FE1-D854-439D-8E82-947059AF6234}.Ad-Hoc|iPhoneSimulator.Build.0 = Release|Any CPU
		{BF324FE1-D854-439D-8E82-947059AF6234}.Ad-Hoc|iPhoneSimulator.Deploy.0 = Release|Any CPU
		{BF324FE1-D854-439D-8E82-947059AF6234}.AppStore|Any CPU.ActiveCfg = Release|Any CPU
		{BF324FE1-D854-439D-8E82-947059AF6234}.AppStore|Any CPU.Build.0 = Release|Any CPU
		{BF324FE1-D854-439D-8E82-947059AF6234}.AppStore|Any CPU.Deploy.0 = Release|Any CPU
		{BF324FE1-D854-439D-8E82-947059AF6234}.AppStore|iPhone.ActiveCfg = Release|Any CPU
		{BF324FE1-D854-439D-8E82-947059AF6234}.AppStore|iPhone.Build.0 = Release|Any CPU
		{BF324FE1-D854-439D-8E82-947059AF6234}.AppStore|iPhone.Deploy.0 = Release|Any CPU
		{BF324FE1-D854-439D-8E82-947059AF6234}.AppStore|iPhoneSimulator.ActiveCfg = Release|Any CPU
		{BF324FE1-D854-439D-8E82-947059AF6234}.AppStore|iPhoneSimulator.Build.0 = Release|Any CPU
		{BF324FE1-D854-439D-8E82-947059AF6234}.AppStore|iPhoneSimulator.Deploy.0 = Release|Any CPU
		{BF324FE1-D854-439D-8E82-947059AF6234}.Debug|Any CPU.ActiveCfg = Debug|Any CPU
		{BF324FE1-D854-439D-8E82-947059AF6234}.Debug|Any CPU.Build.0 = Debug|Any CPU
		{BF324FE1-D854-439D-8E82-947059AF6234}.Debug|Any CPU.Deploy.0 = Debug|Any CPU
		{BF324FE1-D854-439D-8E82-947059AF6234}.Debug|iPhone.ActiveCfg = Debug|Any CPU
		{BF324FE1-D854-439D-8E82-947059AF6234}.Debug|iPhone.Build.0 = Debug|Any CPU
		{BF324FE1-D854-439D-8E82-947059AF6234}.Debug|iPhone.Deploy.0 = Debug|Any CPU
		{BF324FE1-D854-439D-8E82-947059AF6234}.Debug|iPhoneSimulator.ActiveCfg = Debug|Any CPU
		{BF324FE1-D854-439D-8E82-947059AF6234}.Debug|iPhoneSimulator.Build.0 = Debug|Any CPU
		{BF324FE1-D854-439D-8E82-947059AF6234}.Debug|iPhoneSimulator.Deploy.0 = Debug|Any CPU
		{BF324FE1-D854-439D-8E82-947059AF6234}.Release|Any CPU.ActiveCfg = Release|Any CPU
		{BF324FE1-D854-439D-8E82-947059AF6234}.Release|Any CPU.Build.0 = Release|Any CPU
		{BF324FE1-D854-439D-8E82-947059AF6234}.Release|Any CPU.Deploy.0 = Release|Any CPU
		{BF324FE1-D854-439D-8E82-947059AF6234}.Release|iPhone.ActiveCfg = Release|Any CPU
		{BF324FE1-D854-439D-8E82-947059AF6234}.Release|iPhone.Build.0 = Release|Any CPU
		{BF324FE1-D854-439D-8E82-947059AF6234}.Release|iPhone.Deploy.0 = Release|Any CPU
		{BF324FE1-D854-439D-8E82-947059AF6234}.Release|iPhoneSimulator.ActiveCfg = Release|Any CPU
		{BF324FE1-D854-439D-8E82-947059AF6234}.Release|iPhoneSimulator.Build.0 = Release|Any CPU
		{BF324FE1-D854-439D-8E82-947059AF6234}.Release|iPhoneSimulator.Deploy.0 = Release|Any CPU
		{4AFF4033-0C47-4F74-99A9-246F5BF86C59}.Ad-Hoc|Any CPU.ActiveCfg = Ad-Hoc|iPhone
		{4AFF4033-0C47-4F74-99A9-246F5BF86C59}.Ad-Hoc|Any CPU.Build.0 = Ad-Hoc|iPhone
		{4AFF4033-0C47-4F74-99A9-246F5BF86C59}.Ad-Hoc|Any CPU.Deploy.0 = Ad-Hoc|iPhone
		{4AFF4033-0C47-4F74-99A9-246F5BF86C59}.Ad-Hoc|iPhone.ActiveCfg = Ad-Hoc|iPhone
		{4AFF4033-0C47-4F74-99A9-246F5BF86C59}.Ad-Hoc|iPhone.Build.0 = Ad-Hoc|iPhone
		{4AFF4033-0C47-4F74-99A9-246F5BF86C59}.Ad-Hoc|iPhone.Deploy.0 = Ad-Hoc|iPhone
		{4AFF4033-0C47-4F74-99A9-246F5BF86C59}.Ad-Hoc|iPhoneSimulator.ActiveCfg = Ad-Hoc|iPhoneSimulator
		{4AFF4033-0C47-4F74-99A9-246F5BF86C59}.Ad-Hoc|iPhoneSimulator.Build.0 = Ad-Hoc|iPhoneSimulator
		{4AFF4033-0C47-4F74-99A9-246F5BF86C59}.Ad-Hoc|iPhoneSimulator.Deploy.0 = Ad-Hoc|iPhoneSimulator
		{4AFF4033-0C47-4F74-99A9-246F5BF86C59}.AppStore|Any CPU.ActiveCfg = AppStore|iPhone
		{4AFF4033-0C47-4F74-99A9-246F5BF86C59}.AppStore|Any CPU.Build.0 = AppStore|iPhone
		{4AFF4033-0C47-4F74-99A9-246F5BF86C59}.AppStore|Any CPU.Deploy.0 = AppStore|iPhone
		{4AFF4033-0C47-4F74-99A9-246F5BF86C59}.AppStore|iPhone.ActiveCfg = AppStore|iPhone
		{4AFF4033-0C47-4F74-99A9-246F5BF86C59}.AppStore|iPhone.Build.0 = AppStore|iPhone
		{4AFF4033-0C47-4F74-99A9-246F5BF86C59}.AppStore|iPhone.Deploy.0 = AppStore|iPhone
		{4AFF4033-0C47-4F74-99A9-246F5BF86C59}.AppStore|iPhoneSimulator.ActiveCfg = AppStore|iPhoneSimulator
		{4AFF4033-0C47-4F74-99A9-246F5BF86C59}.AppStore|iPhoneSimulator.Build.0 = AppStore|iPhoneSimulator
		{4AFF4033-0C47-4F74-99A9-246F5BF86C59}.AppStore|iPhoneSimulator.Deploy.0 = AppStore|iPhoneSimulator
		{4AFF4033-0C47-4F74-99A9-246F5BF86C59}.Debug|Any CPU.ActiveCfg = Debug|iPhoneSimulator
		{4AFF4033-0C47-4F74-99A9-246F5BF86C59}.Debug|Any CPU.Build.0 = Debug|iPhoneSimulator
		{4AFF4033-0C47-4F74-99A9-246F5BF86C59}.Debug|Any CPU.Deploy.0 = Debug|iPhoneSimulator
		{4AFF4033-0C47-4F74-99A9-246F5BF86C59}.Debug|iPhone.ActiveCfg = Debug|iPhone
		{4AFF4033-0C47-4F74-99A9-246F5BF86C59}.Debug|iPhone.Build.0 = Debug|iPhone
		{4AFF4033-0C47-4F74-99A9-246F5BF86C59}.Debug|iPhone.Deploy.0 = Debug|iPhone
		{4AFF4033-0C47-4F74-99A9-246F5BF86C59}.Debug|iPhoneSimulator.ActiveCfg = Debug|iPhoneSimulator
		{4AFF4033-0C47-4F74-99A9-246F5BF86C59}.Debug|iPhoneSimulator.Build.0 = Debug|iPhoneSimulator
		{4AFF4033-0C47-4F74-99A9-246F5BF86C59}.Debug|iPhoneSimulator.Deploy.0 = Debug|iPhoneSimulator
		{4AFF4033-0C47-4F74-99A9-246F5BF86C59}.Release|Any CPU.ActiveCfg = Release|iPhone
		{4AFF4033-0C47-4F74-99A9-246F5BF86C59}.Release|Any CPU.Build.0 = Release|iPhone
		{4AFF4033-0C47-4F74-99A9-246F5BF86C59}.Release|Any CPU.Deploy.0 = Release|iPhone
		{4AFF4033-0C47-4F74-99A9-246F5BF86C59}.Release|iPhone.ActiveCfg = Release|iPhone
		{4AFF4033-0C47-4F74-99A9-246F5BF86C59}.Release|iPhone.Build.0 = Release|iPhone
		{4AFF4033-0C47-4F74-99A9-246F5BF86C59}.Release|iPhone.Deploy.0 = Release|iPhone
		{4AFF4033-0C47-4F74-99A9-246F5BF86C59}.Release|iPhoneSimulator.ActiveCfg = Release|iPhoneSimulator
		{4AFF4033-0C47-4F74-99A9-246F5BF86C59}.Release|iPhoneSimulator.Build.0 = Release|iPhoneSimulator
		{4AFF4033-0C47-4F74-99A9-246F5BF86C59}.Release|iPhoneSimulator.Deploy.0 = Release|iPhoneSimulator
		{8C94433A-6017-4CEC-A50D-1A15634A0D15}.Ad-Hoc|Any CPU.ActiveCfg = Debug|Any CPU
		{8C94433A-6017-4CEC-A50D-1A15634A0D15}.Ad-Hoc|Any CPU.Build.0 = Debug|Any CPU
		{8C94433A-6017-4CEC-A50D-1A15634A0D15}.Ad-Hoc|Any CPU.Deploy.0 = Debug|Any CPU
		{8C94433A-6017-4CEC-A50D-1A15634A0D15}.Ad-Hoc|iPhone.ActiveCfg = Debug|Any CPU
		{8C94433A-6017-4CEC-A50D-1A15634A0D15}.Ad-Hoc|iPhone.Build.0 = Debug|Any CPU
		{8C94433A-6017-4CEC-A50D-1A15634A0D15}.Ad-Hoc|iPhone.Deploy.0 = Debug|Any CPU
		{8C94433A-6017-4CEC-A50D-1A15634A0D15}.Ad-Hoc|iPhoneSimulator.ActiveCfg = Debug|Any CPU
		{8C94433A-6017-4CEC-A50D-1A15634A0D15}.Ad-Hoc|iPhoneSimulator.Build.0 = Debug|Any CPU
		{8C94433A-6017-4CEC-A50D-1A15634A0D15}.Ad-Hoc|iPhoneSimulator.Deploy.0 = Debug|Any CPU
		{8C94433A-6017-4CEC-A50D-1A15634A0D15}.AppStore|Any CPU.ActiveCfg = Debug|Any CPU
		{8C94433A-6017-4CEC-A50D-1A15634A0D15}.AppStore|Any CPU.Build.0 = Debug|Any CPU
		{8C94433A-6017-4CEC-A50D-1A15634A0D15}.AppStore|Any CPU.Deploy.0 = Debug|Any CPU
		{8C94433A-6017-4CEC-A50D-1A15634A0D15}.AppStore|iPhone.ActiveCfg = Debug|Any CPU
		{8C94433A-6017-4CEC-A50D-1A15634A0D15}.AppStore|iPhone.Build.0 = Debug|Any CPU
		{8C94433A-6017-4CEC-A50D-1A15634A0D15}.AppStore|iPhone.Deploy.0 = Debug|Any CPU
		{8C94433A-6017-4CEC-A50D-1A15634A0D15}.AppStore|iPhoneSimulator.ActiveCfg = Debug|Any CPU
		{8C94433A-6017-4CEC-A50D-1A15634A0D15}.AppStore|iPhoneSimulator.Build.0 = Debug|Any CPU
		{8C94433A-6017-4CEC-A50D-1A15634A0D15}.AppStore|iPhoneSimulator.Deploy.0 = Debug|Any CPU
		{8C94433A-6017-4CEC-A50D-1A15634A0D15}.Debug|Any CPU.ActiveCfg = Debug|Any CPU
		{8C94433A-6017-4CEC-A50D-1A15634A0D15}.Debug|Any CPU.Build.0 = Debug|Any CPU
		{8C94433A-6017-4CEC-A50D-1A15634A0D15}.Debug|Any CPU.Deploy.0 = Debug|Any CPU
		{8C94433A-6017-4CEC-A50D-1A15634A0D15}.Debug|iPhone.ActiveCfg = Debug|Any CPU
		{8C94433A-6017-4CEC-A50D-1A15634A0D15}.Debug|iPhone.Build.0 = Debug|Any CPU
		{8C94433A-6017-4CEC-A50D-1A15634A0D15}.Debug|iPhone.Deploy.0 = Debug|Any CPU
		{8C94433A-6017-4CEC-A50D-1A15634A0D15}.Debug|iPhoneSimulator.ActiveCfg = Debug|Any CPU
		{8C94433A-6017-4CEC-A50D-1A15634A0D15}.Debug|iPhoneSimulator.Build.0 = Debug|Any CPU
		{8C94433A-6017-4CEC-A50D-1A15634A0D15}.Debug|iPhoneSimulator.Deploy.0 = Debug|Any CPU
		{8C94433A-6017-4CEC-A50D-1A15634A0D15}.Release|Any CPU.ActiveCfg = Release|Any CPU
		{8C94433A-6017-4CEC-A50D-1A15634A0D15}.Release|Any CPU.Build.0 = Release|Any CPU
		{8C94433A-6017-4CEC-A50D-1A15634A0D15}.Release|Any CPU.Deploy.0 = Release|Any CPU
		{8C94433A-6017-4CEC-A50D-1A15634A0D15}.Release|iPhone.ActiveCfg = Release|Any CPU
		{8C94433A-6017-4CEC-A50D-1A15634A0D15}.Release|iPhone.Build.0 = Release|Any CPU
		{8C94433A-6017-4CEC-A50D-1A15634A0D15}.Release|iPhone.Deploy.0 = Release|Any CPU
		{8C94433A-6017-4CEC-A50D-1A15634A0D15}.Release|iPhoneSimulator.ActiveCfg = Release|Any CPU
		{8C94433A-6017-4CEC-A50D-1A15634A0D15}.Release|iPhoneSimulator.Build.0 = Release|Any CPU
		{8C94433A-6017-4CEC-A50D-1A15634A0D15}.Release|iPhoneSimulator.Deploy.0 = Release|Any CPU
	EndGlobalSection
	GlobalSection(SolutionProperties) = preSolution
		HideSolutionNode = FALSE
	EndGlobalSection
	GlobalSection(ExtensibilityGlobals) = postSolution
		SolutionGuid = {EFE507D3-56E4-4A02-8540-41C4B49663EB}
	EndGlobalSection
EndGlobal
